
Microsoft Visual Studio Solution File, Format Version 12.00
# Visual Studio Version 17
VisualStudioVersion = 17.11.35327.3
MinimumVisualStudioVersion = 10.0.40219.1
Project("{FAE04EC0-301F-11D3-BF4B-00C04F79EFBC}") = "10112024_Tarea3PrograI", "10112024_Tarea3PrograI\10112024_Tarea3PrograI.csproj", "{4F2E0619-CC77-4331-B3CC-B572D0EB217A}"
EndProject
Global
	GlobalSection(SolutionConfigurationPlatforms) = preSolution
		Debug|Any CPU = Debug|Any CPU
		Release|Any CPU = Release|Any CPU
	EndGlobalSection
	GlobalSection(ProjectConfigurationPlatforms) = postSolution
		{4F2E0619-CC77-4331-B3CC-B572D0EB217A}.Debug|Any CPU.ActiveCfg = Debug|Any CPU
		{4F2E0619-CC77-4331-B3CC-B572D0EB217A}.Debug|Any CPU.Build.0 = Debug|Any CPU
		{4F2E0619-CC77-4331-B3CC-B572D0EB217A}.Release|Any CPU.ActiveCfg = Release|Any CPU
		{4F2E0619-CC77-4331-B3CC-B572D0EB217A}.Release|Any CPU.Build.0 = Release|Any CPU
	EndGlobalSection
	GlobalSection(SolutionProperties) = preSolution
		HideSolutionNode = FALSE
	EndGlobalSection
	GlobalSection(ExtensibilityGlobals) = postSolution
		SolutionGuid = {1C4DC85E-88A6-4F82-81F4-7DFAF6914811}
	EndGlobalSection
EndGlobal
